
Microsoft Visual Studio Solution File, Format Version 12.00
# Visual Studio Version 17
VisualStudioVersion = 17.11.35208.52
MinimumVisualStudioVersion = 10.0.40219.1
Project("{FAE04EC0-301F-11D3-BF4B-00C04F79EFBC}") = "FTS.ATBS", "FTS.ATBS\FTS.ATBS.csproj", "{F1B88441-2327-4819-887B-ECDDA1EF866F}"
EndProject
Global
	GlobalSection(SolutionConfigurationPlatforms) = preSolution
		Debug|Any CPU = Debug|Any CPU
		Release|Any CPU = Release|Any CPU
	EndGlobalSection
	GlobalSection(ProjectConfigurationPlatforms) = postSolution
		{F1B88441-2327-4819-887B-ECDDA1EF866F}.Debug|Any CPU.ActiveCfg = Debug|Any CPU
		{F1B88441-2327-4819-887B-ECDDA1EF866F}.Debug|Any CPU.Build.0 = Debug|Any CPU
		{F1B88441-2327-4819-887B-ECDDA1EF866F}.Release|Any CPU.ActiveCfg = Release|Any CPU
		{F1B88441-2327-4819-887B-ECDDA1EF866F}.Release|Any CPU.Build.0 = Release|Any CPU
	EndGlobalSection
	GlobalSection(SolutionProperties) = preSolution
		HideSolutionNode = FALSE
	EndGlobalSection
	GlobalSection(ExtensibilityGlobals) = postSolution
		SolutionGuid = {DDCB8554-9DA6-418F-9DEE-67A7FCF67A08}
	EndGlobalSection
EndGlobal
